
Microsoft Visual Studio Solution File, Format Version 12.00
# Visual Studio Version 17
VisualStudioVersion = 17.4.33213.308
MinimumVisualStudioVersion = 10.0.40219.1
Project("{FAE04EC0-301F-11D3-BF4B-00C04F79EFBC}") = "RPGHeroes", "RPGHeroes.csproj", "{3ED58CD9-3CEA-4A97-BAE7-DEDDD6E3BC79}"
EndProject
Global
	GlobalSection(SolutionConfigurationPlatforms) = preSolution
		Debug|Any CPU = Debug|Any CPU
		Release|Any CPU = Release|Any CPU
	EndGlobalSection
	GlobalSection(ProjectConfigurationPlatforms) = postSolution
		{3ED58CD9-3CEA-4A97-BAE7-DEDDD6E3BC79}.Debug|Any CPU.ActiveCfg = Debug|Any CPU
		{3ED58CD9-3CEA-4A97-BAE7-DEDDD6E3BC79}.Debug|Any CPU.Build.0 = Debug|Any CPU
		{3ED58CD9-3CEA-4A97-BAE7-DEDDD6E3BC79}.Release|Any CPU.ActiveCfg = Release|Any CPU
		{3ED58CD9-3CEA-4A97-BAE7-DEDDD6E3BC79}.Release|Any CPU.Build.0 = Release|Any CPU
	EndGlobalSection
	GlobalSection(SolutionProperties) = preSolution
		HideSolutionNode = FALSE
	EndGlobalSection
	GlobalSection(ExtensibilityGlobals) = postSolution
		SolutionGuid = {ADB76A3D-E02D-4453-BC00-1C5F607F2F3E}
	EndGlobalSection
EndGlobal
